
Microsoft Visual Studio Solution File, Format Version 12.00
# Visual Studio Version 17
VisualStudioVersion = 17.12.35521.163
MinimumVisualStudioVersion = 10.0.40219.1
Project("{8BC9CEB8-8B4A-11D0-8D11-00A0C91BC942}") = "XamlWin32", "XamlWin32\XamlWin32.vcxproj", "{5696A3AA-EDE2-4D56-BD9C-9F52BD6771BD}"
	ProjectSection(ProjectDependencies) = postProject
		{927B5728-CCAF-4785-B050-B66452B6A42D} = {927B5728-CCAF-4785-B050-B66452B6A42D}
	EndProjectSection
EndProject
Project("{2150E333-8FDC-42A3-9474-1A3956D46DE8}") = "Solution Items", "Solution Items", "{F52C97E6-7FA0-4E09-AF2C-330CC7DACD75}"
	ProjectSection(SolutionItems) = preProject
		Solution.props = Solution.props
	EndProjectSection
EndProject
Project("{C7167F0D-BC9F-4E6E-AFE1-012C56B48DB5}") = "XamlIslandWinUI3Package", "XamlIslandWinUI2Package\XamlIslandWinUI3Package.wapproj", "{E8B85A2D-FAA7-4C5F-B2B4-9B68C16058EC}"
EndProject
Project("{8BC9CEB8-8B4A-11D0-8D11-00A0C91BC942}") = "SharedComponent", "SharedComponent\SharedComponent.vcxproj", "{927B5728-CCAF-4785-B050-B66452B6A42D}"
EndProject
Global
	GlobalSection(SolutionConfigurationPlatforms) = preSolution
		Debug|Any CPU = Debug|Any CPU
		Debug|ARM = Debug|ARM
		Debug|ARM64 = Debug|ARM64
		Debug|x64 = Debug|x64
		Debug|x86 = Debug|x86
		Release|Any CPU = Release|Any CPU
		Release|ARM = Release|ARM
		Release|ARM64 = Release|ARM64
		Release|x64 = Release|x64
		Release|x86 = Release|x86
	EndGlobalSection
	GlobalSection(ProjectConfigurationPlatforms) = postSolution
		{5696A3AA-EDE2-4D56-BD9C-9F52BD6771BD}.Debug|Any CPU.ActiveCfg = Debug|x64
		{5696A3AA-EDE2-4D56-BD9C-9F52BD6771BD}.Debug|Any CPU.Build.0 = Debug|x64
		{5696A3AA-EDE2-4D56-BD9C-9F52BD6771BD}.Debug|ARM.ActiveCfg = Debug|x64
		{5696A3AA-EDE2-4D56-BD9C-9F52BD6771BD}.Debug|ARM.Build.0 = Debug|x64
		{5696A3AA-EDE2-4D56-BD9C-9F52BD6771BD}.Debug|ARM64.ActiveCfg = Debug|x64
		{5696A3AA-EDE2-4D56-BD9C-9F52BD6771BD}.Debug|ARM64.Build.0 = Debug|x64
		{5696A3AA-EDE2-4D56-BD9C-9F52BD6771BD}.Debug|x64.ActiveCfg = Debug|x64
		{5696A3AA-EDE2-4D56-BD9C-9F52BD6771BD}.Debug|x64.Build.0 = Debug|x64
		{5696A3AA-EDE2-4D56-BD9C-9F52BD6771BD}.Debug|x86.ActiveCfg = Debug|Win32
		{5696A3AA-EDE2-4D56-BD9C-9F52BD6771BD}.Debug|x86.Build.0 = Debug|Win32
		{5696A3AA-EDE2-4D56-BD9C-9F52BD6771BD}.Release|Any CPU.ActiveCfg = Release|x64
		{5696A3AA-EDE2-4D56-BD9C-9F52BD6771BD}.Release|Any CPU.Build.0 = Release|x64
		{5696A3AA-EDE2-4D56-BD9C-9F52BD6771BD}.Release|ARM.ActiveCfg = Release|x64
		{5696A3AA-EDE2-4D56-BD9C-9F52BD6771BD}.Release|ARM.Build.0 = Release|x64
		{5696A3AA-EDE2-4D56-BD9C-9F52BD6771BD}.Release|ARM64.ActiveCfg = Release|ARM64
		{5696A3AA-EDE2-4D56-BD9C-9F52BD6771BD}.Release|ARM64.Build.0 = Release|ARM64
		{5696A3AA-EDE2-4D56-BD9C-9F52BD6771BD}.Release|x64.ActiveCfg = Release|x64
		{5696A3AA-EDE2-4D56-BD9C-9F52BD6771BD}.Release|x64.Build.0 = Release|x64
		{5696A3AA-EDE2-4D56-BD9C-9F52BD6771BD}.Release|x86.ActiveCfg = Release|Win32
		{5696A3AA-EDE2-4D56-BD9C-9F52BD6771BD}.Release|x86.Build.0 = Release|Win32
		{E8B85A2D-FAA7-4C5F-B2B4-9B68C16058EC}.Debug|Any CPU.ActiveCfg = Debug|Any CPU
		{E8B85A2D-FAA7-4C5F-B2B4-9B68C16058EC}.Debug|Any CPU.Build.0 = Debug|Any CPU
		{E8B85A2D-FAA7-4C5F-B2B4-9B68C16058EC}.Debug|Any CPU.Deploy.0 = Debug|Any CPU
		{E8B85A2D-FAA7-4C5F-B2B4-9B68C16058EC}.Debug|ARM.ActiveCfg = Debug|ARM
		{E8B85A2D-FAA7-4C5F-B2B4-9B68C16058EC}.Debug|ARM.Build.0 = Debug|ARM
		{E8B85A2D-FAA7-4C5F-B2B4-9B68C16058EC}.Debug|ARM.Deploy.0 = Debug|ARM
		{E8B85A2D-FAA7-4C5F-B2B4-9B68C16058EC}.Debug|ARM64.ActiveCfg = Debug|ARM64
		{E8B85A2D-FAA7-4C5F-B2B4-9B68C16058EC}.Debug|ARM64.Build.0 = Debug|ARM64
		{E8B85A2D-FAA7-4C5F-B2B4-9B68C16058EC}.Debug|ARM64.Deploy.0 = Debug|ARM64
		{E8B85A2D-FAA7-4C5F-B2B4-9B68C16058EC}.Debug|x64.ActiveCfg = Debug|x64
		{E8B85A2D-FAA7-4C5F-B2B4-9B68C16058EC}.Debug|x64.Build.0 = Debug|x64
		{E8B85A2D-FAA7-4C5F-B2B4-9B68C16058EC}.Debug|x64.Deploy.0 = Debug|x64
		{E8B85A2D-FAA7-4C5F-B2B4-9B68C16058EC}.Debug|x86.ActiveCfg = Debug|x86
		{E8B85A2D-FAA7-4C5F-B2B4-9B68C16058EC}.Debug|x86.Build.0 = Debug|x86
		{E8B85A2D-FAA7-4C5F-B2B4-9B68C16058EC}.Debug|x86.Deploy.0 = Debug|x86
		{E8B85A2D-FAA7-4C5F-B2B4-9B68C16058EC}.Release|Any CPU.ActiveCfg = Release|Any CPU
		{E8B85A2D-FAA7-4C5F-B2B4-9B68C16058EC}.Release|Any CPU.Build.0 = Release|Any CPU
		{E8B85A2D-FAA7-4C5F-B2B4-9B68C16058EC}.Release|Any CPU.Deploy.0 = Release|Any CPU
		{E8B85A2D-FAA7-4C5F-B2B4-9B68C16058EC}.Release|ARM.ActiveCfg = Release|ARM
		{E8B85A2D-FAA7-4C5F-B2B4-9B68C16058EC}.Release|ARM.Build.0 = Release|ARM
		{E8B85A2D-FAA7-4C5F-B2B4-9B68C16058EC}.Release|ARM.Deploy.0 = Release|ARM
		{E8B85A2D-FAA7-4C5F-B2B4-9B68C16058EC}.Release|ARM64.ActiveCfg = Release|ARM64
		{E8B85A2D-FAA7-4C5F-B2B4-9B68C16058EC}.Release|ARM64.Build.0 = Release|ARM64
		{E8B85A2D-FAA7-4C5F-B2B4-9B68C16058EC}.Release|ARM64.Deploy.0 = Release|ARM64
		{E8B85A2D-FAA7-4C5F-B2B4-9B68C16058EC}.Release|x64.ActiveCfg = Release|x64
		{E8B85A2D-FAA7-4C5F-B2B4-9B68C16058EC}.Release|x64.Build.0 = Release|x64
		{E8B85A2D-FAA7-4C5F-B2B4-9B68C16058EC}.Release|x64.Deploy.0 = Release|x64
		{E8B85A2D-FAA7-4C5F-B2B4-9B68C16058EC}.Release|x86.ActiveCfg = Release|x86
		{E8B85A2D-FAA7-4C5F-B2B4-9B68C16058EC}.Release|x86.Build.0 = Release|x86
		{E8B85A2D-FAA7-4C5F-B2B4-9B68C16058EC}.Release|x86.Deploy.0 = Release|x86
		{927B5728-CCAF-4785-B050-B66452B6A42D}.Debug|Any CPU.ActiveCfg = Debug|x64
		{927B5728-CCAF-4785-B050-B66452B6A42D}.Debug|Any CPU.Build.0 = Debug|x64
		{927B5728-CCAF-4785-B050-B66452B6A42D}.Debug|ARM.ActiveCfg = Debug|ARM
		{927B5728-CCAF-4785-B050-B66452B6A42D}.Debug|ARM.Build.0 = Debug|ARM
		{927B5728-CCAF-4785-B050-B66452B6A42D}.Debug|ARM64.ActiveCfg = Debug|ARM64
		{927B5728-CCAF-4785-B050-B66452B6A42D}.Debug|ARM64.Build.0 = Debug|ARM64
		{927B5728-CCAF-4785-B050-B66452B6A42D}.Debug|x64.ActiveCfg = Debug|x64
		{927B5728-CCAF-4785-B050-B66452B6A42D}.Debug|x64.Build.0 = Debug|x64
		{927B5728-CCAF-4785-B050-B66452B6A42D}.Debug|x86.ActiveCfg = Debug|Win32
		{927B5728-CCAF-4785-B050-B66452B6A42D}.Debug|x86.Build.0 = Debug|Win32
		{927B5728-CCAF-4785-B050-B66452B6A42D}.Release|Any CPU.ActiveCfg = Release|x64
		{927B5728-CCAF-4785-B050-B66452B6A42D}.Release|Any CPU.Build.0 = Release|x64
		{927B5728-CCAF-4785-B050-B66452B6A42D}.Release|ARM.ActiveCfg = Release|ARM
		{927B5728-CCAF-4785-B050-B66452B6A42D}.Release|ARM.Build.0 = Release|ARM
		{927B5728-CCAF-4785-B050-B66452B6A42D}.Release|ARM64.ActiveCfg = Release|ARM64
		{927B5728-CCAF-4785-B050-B66452B6A42D}.Release|ARM64.Build.0 = Release|ARM64
		{927B5728-CCAF-4785-B050-B66452B6A42D}.Release|x64.ActiveCfg = Release|x64
		{927B5728-CCAF-4785-B050-B66452B6A42D}.Release|x64.Build.0 = Release|x64
		{927B5728-CCAF-4785-B050-B66452B6A42D}.Release|x86.ActiveCfg = Release|Win32
		{927B5728-CCAF-4785-B050-B66452B6A42D}.Release|x86.Build.0 = Release|Win32
	EndGlobalSection
	GlobalSection(SolutionProperties) = preSolution
		HideSolutionNode = FALSE
	EndGlobalSection
EndGlobal
